<?xml version="1.0" encoding="utf-8"?>
<Project ToolsVersion="4.0" xmlns="http://schemas.microsoft.com/developer/msbuild/2003">
  <ItemGroup>
    <ClCompile Include="IviSpecAn.cpp">
      <Filter>Source Files</Filter>
    </ClCompile>
    <ClCompile Include="ivispecan_functions.cpp">
      <Filter>Source Files</Filter>
    </ClCompile>
    <ClCompile Include="IviConfSrv.cpp">
      <Filter>Source Files</Filter>
    </ClCompile>
  </ItemGroup>
  <ItemGroup>
    <Filter Include="Header Files">
      <UniqueIdentifier>{e72ec2bf-e1e5-4e0a-b499-bf1c67d45646}</UniqueIdentifier>
    </Filter>
    <Filter Include="Source Files">
      <UniqueIdentifier>{8712803c-2f8e-4355-9e20-1c0fb7df1dc5}</UniqueIdentifier>
    </Filter>
  </ItemGroup>
  <ItemGroup>
    <ClInclude Include="ivispecan_functions.h">
      <Filter>Header Files</Filter>
    </ClInclude>
    <ClInclude Include="IviConfSrv.h">
      <Filter>Header Files</Filter>
    </ClInclude>
  </ItemGroup>
  <ItemGroup>
    <None Include="IviSpecAn.def">
      <Filter>Source Files</Filter>
    </None>
  </ItemGroup>
</Project>